Microsoft Visual Studio Solution File, Format Version 11.00
# Visual Studio 2008

Project("{06C2CEA1-8679-D643-9978-3748FA367BDD}") = "One", "Assembly-CSharp.csproj", "{613BEEE3-B343-DEB6-67AC-3F0DD3F73162}"
EndProject
Global
	GlobalSection(SolutionConfigurationPlatforms) = preSolution
		Debug|Any CPU = Debug|Any CPU
		Release|Any CPU = Release|Any CPU
	EndGlobalSection
	GlobalSection(ProjectConfigurationPlatforms) = postSolution
		{613BEEE3-B343-DEB6-67AC-3F0DD3F73162}.Debug|Any CPU.ActiveCfg = Debug|Any CPU
		{613BEEE3-B343-DEB6-67AC-3F0DD3F73162}.Debug|Any CPU.Build.0 = Debug|Any CPU
		{613BEEE3-B343-DEB6-67AC-3F0DD3F73162}.Release|Any CPU.ActiveCfg = Release|Any CPU
		{613BEEE3-B343-DEB6-67AC-3F0DD3F73162}.Release|Any CPU.Build.0 = Release|Any CPU
	EndGlobalSection
	GlobalSection(SolutionProperties) = preSolution
		HideSolutionNode = FALSE
	EndGlobalSection
	GlobalSection(MonoDevelopProperties) = preSolution
		StartupItem = Assembly-CSharp.csproj
	EndGlobalSection
EndGlobal
